
Microsoft Visual Studio Solution File, Format Version 12.00
# Visual Studio Version 16
VisualStudioVersion = 16.0.30804.86
MinimumVisualStudioVersion = 10.0.40219.1
Project("{FAE04EC0-301F-11D3-BF4B-00C04F79EFBC}") = "TrickX", "TrickX\TrickX.csproj", "{6E5ADF2D-E2A9-4714-85DF-F0E64EDC84DB}"
EndProject
Global
	GlobalSection(SolutionConfigurationPlatforms) = preSolution
		Debug|Any CPU = Debug|Any CPU
		Release|Any CPU = Release|Any CPU
	EndGlobalSection
	GlobalSection(ProjectConfigurationPlatforms) = postSolution
		{6E5ADF2D-E2A9-4714-85DF-F0E64EDC84DB}.Debug|Any CPU.ActiveCfg = Debug|Any CPU
		{6E5ADF2D-E2A9-4714-85DF-F0E64EDC84DB}.Debug|Any CPU.Build.0 = Debug|Any CPU
		{6E5ADF2D-E2A9-4714-85DF-F0E64EDC84DB}.Release|Any CPU.ActiveCfg = Release|Any CPU
		{6E5ADF2D-E2A9-4714-85DF-F0E64EDC84DB}.Release|Any CPU.Build.0 = Release|Any CPU
	EndGlobalSection
	GlobalSection(SolutionProperties) = preSolution
		HideSolutionNode = FALSE
	EndGlobalSection
	GlobalSection(ExtensibilityGlobals) = postSolution
		SolutionGuid = {54D05A33-77ED-433B-BC9F-20EA009D233C}
	EndGlobalSection
EndGlobal
